
Microsoft Visual Studio Solution File, Format Version 12.00
# Visual Studio 15
VisualStudioVersion = 15.0.27130.2010
MinimumVisualStudioVersion = 10.0.40219.1
Project("{FAE04EC0-301F-11D3-BF4B-00C04F79EFBC}") = "Breakout", "Breakout\Breakout.csproj", "{D18A6EBA-F18E-4723-9367-22BA7E7B1326}"
EndProject
Global
	GlobalSection(SolutionConfigurationPlatforms) = preSolution
		Debug|Any CPU = Debug|Any CPU
		Release|Any CPU = Release|Any CPU
	EndGlobalSection
	GlobalSection(ProjectConfigurationPlatforms) = postSolution
		{D18A6EBA-F18E-4723-9367-22BA7E7B1326}.Debug|Any CPU.ActiveCfg = Debug|Any CPU
		{D18A6EBA-F18E-4723-9367-22BA7E7B1326}.Debug|Any CPU.Build.0 = Debug|Any CPU
		{D18A6EBA-F18E-4723-9367-22BA7E7B1326}.Release|Any CPU.ActiveCfg = Release|Any CPU
		{D18A6EBA-F18E-4723-9367-22BA7E7B1326}.Release|Any CPU.Build.0 = Release|Any CPU
	EndGlobalSection
	GlobalSection(SolutionProperties) = preSolution
		HideSolutionNode = FALSE
	EndGlobalSection
	GlobalSection(ExtensibilityGlobals) = postSolution
		SolutionGuid = {A09CD8A5-6A5F-453B-AC23-4221C2C91278}
	EndGlobalSection
EndGlobal
